// !$*UTF8*$!
{
	archiveVersion = 1;
	classes = {
	};
	objectVersion = 51;
	objects = {

/* Begin PBXBuildFile section */
		4020CCEC07099220C45232BF /* Pods_Parstagram.framework in Frameworks */ = {isa = PBXBuildFile; fileRef = BE02B4E5E3E2978BDB4C0F8E /* Pods_Parstagram.framework */; };
		6F0C7BDE7E675FF8CC7252B4 /* Pods_Parstagram_ParstagramUITests.framework in Frameworks */ = {isa = PBXBuildFile; fileRef = 4F3D8922677F3E9726E36BED /* Pods_Parstagram_ParstagramUITests.framework */; };
		C5C7BD3899EF5465E716801E /* Pods_ParstagramTests.framework in Frameworks */ = {isa = PBXBuildFile; fileRef = 00B0302DA90F2FE59EBAF1D8 /* Pods_ParstagramTests.framework */; };
		FF9B931C25FF9C4900BF8B02 /* AppDelegate.swift in Sources */ = {isa = PBXBuildFile; fileRef = FF9B931B25FF9C4900BF8B02 /* AppDelegate.swift */; };
		FF9B931E25FF9C4900BF8B02 /* SceneDelegate.swift in Sources */ = {isa = PBXBuildFile; fileRef = FF9B931D25FF9C4900BF8B02 /* SceneDelegate.swift */; };
		FF9B932325FF9C4A00BF8B02 /* Main.storyboard in Resources */ = {isa = PBXBuildFile; fileRef = FF9B932125FF9C4A00BF8B02 /* Main.storyboard */; };
		FF9B932525FF9C4B00BF8B02 /* Assets.xcassets in Resources */ = {isa = PBXBuildFile; fileRef = FF9B932425FF9C4B00BF8B02 /* Assets.xcassets */; };
		FF9B932825FF9C4B00BF8B02 /* LaunchScreen.storyboard in Resources */ = {isa = PBXBuildFile; fileRef = FF9B932625FF9C4B00BF8B02 /* LaunchScreen.storyboard */; };
		FF9B933325FF9C4C00BF8B02 /* ParstagramTests.swift in Sources */ = {isa = PBXBuildFile; fileRef = FF9B933225FF9C4C00BF8B02 /* ParstagramTests.swift */; };
		FF9B933E25FF9C4C00BF8B02 /* ParstagramUITests.swift in Sources */ = {isa = PBXBuildFile; fileRef = FF9B933D25FF9C4C00BF8B02 /* ParstagramUITests.swift */; };
		FF9B935E25FFA04000BF8B02 /* LoginViewController.swift in Sources */ = {isa = PBXBuildFile; fileRef = FF9B935D25FFA04000BF8B02 /* LoginViewController.swift */; };
		FF9B936325FFA05000BF8B02 /* FeedViewController.swift in Sources */ = {isa = PBXBuildFile; fileRef = FF9B936225FFA05000BF8B02 /* FeedViewController.swift */; };
		FF9B936825FFB10500BF8B02 /* CameraViewController.swift in Sources */ = {isa = PBXBuildFile; fileRef = FF9B936725FFB10500BF8B02 /* CameraViewController.swift */; };
		FFA2B6652601776900CB6F2E /* PostCell.swift in Sources */ = {isa = PBXBuildFile; fileRef = FFA2B6642601776900CB6F2E /* PostCell.swift */; };
/* End PBXBuildFile section */

/* Begin PBXContainerItemProxy section */
		FF9B932F25FF9C4C00BF8B02 /* PBXContainerItemProxy */ = {
			isa = PBXContainerItemProxy;
			containerPortal = FF9B931025FF9C4900BF8B02 /* Project object */;
			proxyType = 1;
			remoteGlobalIDString = FF9B931725FF9C4900BF8B02;
			remoteInfo = Parstagram;
		};
		FF9B933A25FF9C4C00BF8B02 /* PBXContainerItemProxy */ = {
			isa = PBXContainerItemProxy;
			containerPortal = FF9B931025FF9C4900BF8B02 /* Project object */;
			proxyType = 1;
			remoteGlobalIDString = FF9B931725FF9C4900BF8B02;
			remoteInfo = Parstagram;
		};
/* End PBXContainerItemProxy section */

/* Begin PBXFileReference section */
		00B0302DA90F2FE59EBAF1D8 /* Pods_ParstagramTests.framework */ = {isa = PBXFileReference; explicitFileType = wrapper.framework; includeInIndex = 0; path = Pods_ParstagramTests.framework; sourceTree = BUILT_PRODUCTS_DIR; };
		0B168C79FDAB623D32867216 /* Pods-ParstagramTests.debug.xcconfig */ = {isa = PBXFileReference; includeInIndex = 1; lastKnownFileType = text.xcconfig; name = "Pods-ParstagramTests.debug.xcconfig"; path = "Target Support Files/Pods-ParstagramTests/Pods-ParstagramTests.debug.xcconfig"; sourceTree = "<group>"; };
		3930022094431E09CC197332 /* Pods-ParstagramTests.release.xcconfig */ = {isa = PBXFileReference; includeInIndex = 1; lastKnownFileType = text.xcconfig; name = "Pods-ParstagramTests.release.xcconfig"; path = "Target Support Files/Pods-ParstagramTests/Pods-ParstagramTests.release.xcconfig"; sourceTree = "<group>"; };
		408BD5654587D5FF799E3B03 /* Pods-Parstagram.release.xcconfig */ = {isa = PBXFileReference; includeInIndex = 1; lastKnownFileType = text.xcconfig; name = "Pods-Parstagram.release.xcconfig"; path = "Target Support Files/Pods-Parstagram/Pods-Parstagram.release.xcconfig"; sourceTree = "<group>"; };
		4F3D8922677F3E9726E36BED /* Pods_Parstagram_ParstagramUITests.framework */ = {isa = PBXFileReference; explicitFileType = wrapper.framework; includeInIndex = 0; path = Pods_Parstagram_ParstagramUITests.framework; sourceTree = BUILT_PRODUCTS_DIR; };
		64353C25DF6653D9B02101C4 /* Pods-Parstagram.debug.xcconfig */ = {isa = PBXFileReference; includeInIndex = 1; lastKnownFileType = text.xcconfig; name = "Pods-Parstagram.debug.xcconfig"; path = "Target Support Files/Pods-Parstagram/Pods-Parstagram.debug.xcconfig"; sourceTree = "<group>"; };
		BE02B4E5E3E2978BDB4C0F8E /* Pods_Parstagram.framework */ = {isa = PBXFileReference; explicitFileType = wrapper.framework; includeInIndex = 0; path = Pods_Parstagram.framework; sourceTree = BUILT_PRODUCTS_DIR; };
		CC5860364EC677E0260909A7 /* Pods-Parstagram-ParstagramUITests.debug.xcconfig */ = {isa = PBXFileReference; includeInIndex = 1; lastKnownFileType = text.xcconfig; name = "Pods-Parstagram-ParstagramUITests.debug.xcconfig"; path = "Target Support Files/Pods-Parstagram-ParstagramUITests/Pods-Parstagram-ParstagramUITests.debug.xcconfig"; sourceTree = "<group>"; };
		DD08552331735DB494166DD5 /* Pods-Parstagram-ParstagramUITests.release.xcconfig */ = {isa = PBXFileReference; includeInIndex = 1; lastKnownFileType = text.xcconfig; name = "Pods-Parstagram-ParstagramUITests.release.xcconfig"; path = "Target Support Files/Pods-Parstagram-ParstagramUITests/Pods-Parstagram-ParstagramUITests.release.xcconfig"; sourceTree = "<group>"; };
		FF9B931825FF9C4900BF8B02 /* Parstagram.app */ = {isa = PBXFileReference; explicitFileType = wrapper.application; includeInIndex = 0; path = Parstagram.app; sourceTree = BUILT_PRODUCTS_DIR; };
		FF9B931B25FF9C4900BF8B02 /* AppDelegate.swift */ = {isa = PBXFileReference; lastKnownFileType = sourcecode.swift; path = AppDelegate.swift; sourceTree = "<group>"; };
		FF9B931D25FF9C4900BF8B02 /* SceneDelegate.swift */ = {isa = PBXFileReference; lastKnownFileType = sourcecode.swift; path = SceneDelegate.swift; sourceTree = "<group>"; };
		FF9B932225FF9C4A00BF8B02 /* Base */ = {isa = PBXFileReference; lastKnownFileType = file.storyboard; name = Base; path = Base.lproj/Main.storyboard; sourceTree = "<group>"; };
		FF9B932425FF9C4B00BF8B02 /* Assets.xcassets */ = {isa = PBXFileReference; lastKnownFileType = folder.assetcatalog; path = Assets.xcassets; sourceTree = "<group>"; };
		FF9B932725FF9C4B00BF8B02 /* Base */ = {isa = PBXFileReference; lastKnownFileType = file.storyboard; name = Base; path = Base.lproj/LaunchScreen.storyboard; sourceTree = "<group>"; };
		FF9B932925FF9C4B00BF8B02 /* Info.plist */ = {isa = PBXFileReference; lastKnownFileType = text.plist.xml; path = Info.plist; sourceTree = "<group>"; };
		FF9B932E25FF9C4C00BF8B02 /* ParstagramTests.xctest */ = {isa = PBXFileReference; explicitFileType = wrapper.cfbundle; includeInIndex = 0; path = ParstagramTests.xctest; sourceTree = BUILT_PRODUCTS_DIR; };
		FF9B933225FF9C4C00BF8B02 /* ParstagramTests.swift */ = {isa = PBXFileReference; lastKnownFileType = sourcecode.swift; path = ParstagramTests.swift; sourceTree = "<group>"; };
		FF9B933425FF9C4C00BF8B02 /* Info.plist */ = {isa = PBXFileReference; lastKnownFileType = text.plist.xml; path = Info.plist; sourceTree = "<group>"; };
		FF9B933925FF9C4C00BF8B02 /* ParstagramUITests.xctest */ = {isa = PBXFileReference; explicitFileType = wrapper.cfbundle; includeInIndex = 0; path = ParstagramUITests.xctest; sourceTree = BUILT_PRODUCTS_DIR; };
		FF9B933D25FF9C4C00BF8B02 /* ParstagramUITests.swift */ = {isa = PBXFileReference; lastKnownFileType = sourcecode.swift; path = ParstagramUITests.swift; sourceTree = "<group>"; };
		FF9B933F25FF9C4C00BF8B02 /* Info.plist */ = {isa = PBXFileReference; lastKnownFileType = text.plist.xml; path = Info.plist; sourceTree = "<group>"; };
		FF9B935D25FFA04000BF8B02 /* LoginViewController.swift */ = {isa = PBXFileReference; lastKnownFileType = sourcecode.swift; path = LoginViewController.swift; sourceTree = "<group>"; };
		FF9B936225FFA05000BF8B02 /* FeedViewController.swift */ = {isa = PBXFileReference; lastKnownFileType = sourcecode.swift; path = FeedViewController.swift; sourceTree = "<group>"; };
		FF9B936725FFB10500BF8B02 /* CameraViewController.swift */ = {isa = PBXFileReference; lastKnownFileType = sourcecode.swift; path = CameraViewController.swift; sourceTree = "<group>"; };
		FFA2B6642601776900CB6F2E /* PostCell.swift */ = {isa = PBXFileReference; lastKnownFileType = sourcecode.swift; path = PostCell.swift; sourceTree = "<group>"; };
/* End PBXFileReference section */

/* Begin PBXFrameworksBuildPhase section */
		FF9B931525FF9C4900BF8B02 /* Frameworks */ = {
			isa = PBXFrameworksBuildPhase;
			buildActionMask = 2147483647;
			files = (
				4020CCEC07099220C45232BF /* Pods_Parstagram.framework in Frameworks */,
			);
			runOnlyForDeploymentPostprocessing = 0;
		};
		FF9B932B25FF9C4C00BF8B02 /* Frameworks */ = {
			isa = PBXFrameworksBuildPhase;
			buildActionMask = 2147483647;
			files = (
				C5C7BD3899EF5465E716801E /* Pods_ParstagramTests.framework in Frameworks */,
			);
			runOnlyForDeploymentPostprocessing = 0;
		};
		FF9B933625FF9C4C00BF8B02 /* Frameworks */ = {
			isa = PBXFrameworksBuildPhase;
			buildActionMask = 2147483647;
			files = (
				6F0C7BDE7E675FF8CC7252B4 /* Pods_Parstagram_ParstagramUITests.framework in Frameworks */,
			);
			runOnlyForDeploymentPostprocessing = 0;
		};
/* End PBXFrameworksBuildPhase section */

/* Begin PBXGroup section */
		0EF14B129F5B17DC22699605 /* Frameworks */ = {
			isa = PBXGroup;
			children = (
				BE02B4E5E3E2978BDB4C0F8E /* Pods_Parstagram.framework */,
				4F3D8922677F3E9726E36BED /* Pods_Parstagram_ParstagramUITests.framework */,
				00B0302DA90F2FE59EBAF1D8 /* Pods_ParstagramTests.framework */,
			);
			name = Frameworks;
			sourceTree = "<group>";
		};
		E3077CE7B1F03462E24B00A3 /* Pods */ = {
			isa = PBXGroup;
			children = (
				64353C25DF6653D9B02101C4 /* Pods-Parstagram.debug.xcconfig */,
				408BD5654587D5FF799E3B03 /* Pods-Parstagram.release.xcconfig */,
				CC5860364EC677E0260909A7 /* Pods-Parstagram-ParstagramUITests.debug.xcconfig */,
				DD08552331735DB494166DD5 /* Pods-Parstagram-ParstagramUITests.release.xcconfig */,
				0B168C79FDAB623D32867216 /* Pods-ParstagramTests.debug.xcconfig */,
				3930022094431E09CC197332 /* Pods-ParstagramTests.release.xcconfig */,
			);
			path = Pods;
			sourceTree = "<group>";
		};
		FF9B930F25FF9C4900BF8B02 = {
			isa = PBXGroup;
			children = (
				FF9B931A25FF9C4900BF8B02 /* Parstagram */,
				FF9B933125FF9C4C00BF8B02 /* ParstagramTests */,
				FF9B933C25FF9C4C00BF8B02 /* ParstagramUITests */,
				FF9B931925FF9C4900BF8B02 /* Products */,
				E3077CE7B1F03462E24B00A3 /* Pods */,
				0EF14B129F5B17DC22699605 /* Frameworks */,
			);
			sourceTree = "<group>";
		};
		FF9B931925FF9C4900BF8B02 /* Products */ = {
			isa = PBXGroup;
			children = (
				FF9B931825FF9C4900BF8B02 /* Parstagram.app */,
				FF9B932E25FF9C4C00BF8B02 /* ParstagramTests.xctest */,
				FF9B933925FF9C4C00BF8B02 /* ParstagramUITests.xctest */,
			);
			name = Products;
			sourceTree = "<group>";
		};
		FF9B931A25FF9C4900BF8B02 /* Parstagram */ = {
			isa = PBXGroup;
			children = (
				FF9B931B25FF9C4900BF8B02 /* AppDelegate.swift */,
				FF9B931D25FF9C4900BF8B02 /* SceneDelegate.swift */,
				FF9B932125FF9C4A00BF8B02 /* Main.storyboard */,
				FF9B932425FF9C4B00BF8B02 /* Assets.xcassets */,
				FF9B932625FF9C4B00BF8B02 /* LaunchScreen.storyboard */,
				FF9B932925FF9C4B00BF8B02 /* Info.plist */,
				FF9B935D25FFA04000BF8B02 /* LoginViewController.swift */,
				FF9B936225FFA05000BF8B02 /* FeedViewController.swift */,
				FF9B936725FFB10500BF8B02 /* CameraViewController.swift */,
				FFA2B6642601776900CB6F2E /* PostCell.swift */,
			);
			path = Parstagram;
			sourceTree = "<group>";
		};
		FF9B933125FF9C4C00BF8B02 /* ParstagramTests */ = {
			isa = PBXGroup;
			children = (
				FF9B933225FF9C4C00BF8B02 /* ParstagramTests.swift */,
				FF9B933425FF9C4C00BF8B02 /* Info.plist */,
			);
			path = ParstagramTests;
			sourceTree = "<group>";
		};
		FF9B933C25FF9C4C00BF8B02 /* ParstagramUITests */ = {
			isa = PBXGroup;
			children = (
				FF9B933D25FF9C4C00BF8B02 /* ParstagramUITests.swift */,
				FF9B933F25FF9C4C00BF8B02 /* Info.plist */,
			);
			path = ParstagramUITests;
			sourceTree = "<group>";
		};
/* End PBXGroup section */

/* Begin PBXNativeTarget section */
		FF9B931725FF9C4900BF8B02 /* Parstagram */ = {
			isa = PBXNativeTarget;
			buildConfigurationList = FF9B934225FF9C4C00BF8B02 /* Build configuration list for PBXNativeTarget "Parstagram" */;
			buildPhases = (
				77E37149B5AE83ECBB54AED3 /* [CP] Check Pods Manifest.lock */,
				FF9B931425FF9C4900BF8B02 /* Sources */,
				FF9B931525FF9C4900BF8B02 /* Frameworks */,
				FF9B931625FF9C4900BF8B02 /* Resources */,
				991783F53C1630D924ED8654 /* [CP] Embed Pods Frameworks */,
			);
			buildRules = (
			);
			dependencies = (
			);
			name = Parstagram;
			productName = Parstagram;
			productReference = FF9B931825FF9C4900BF8B02 /* Parstagram.app */;
			productType = "com.apple.product-type.application";
		};
		FF9B932D25FF9C4C00BF8B02 /* ParstagramTests */ = {
			isa = PBXNativeTarget;
			buildConfigurationList = FF9B934525FF9C4C00BF8B02 /* Build configuration list for PBXNativeTarget "ParstagramTests" */;
			buildPhases = (
				A710EC05FD38758641538D19 /* [CP] Check Pods Manifest.lock */,
				FF9B932A25FF9C4C00BF8B02 /* Sources */,
				FF9B932B25FF9C4C00BF8B02 /* Frameworks */,
				FF9B932C25FF9C4C00BF8B02 /* Resources */,
			);
			buildRules = (
			);
			dependencies = (
				FF9B933025FF9C4C00BF8B02 /* PBXTargetDependency */,
			);
			name = ParstagramTests;
			productName = ParstagramTests;
			productReference = FF9B932E25FF9C4C00BF8B02 /* ParstagramTests.xctest */;
			productType = "com.apple.product-type.bundle.unit-test";
		};
		FF9B933825FF9C4C00BF8B02 /* ParstagramUITests */ = {
			isa = PBXNativeTarget;
			buildConfigurationList = FF9B934825FF9C4C00BF8B02 /* Build configuration list for PBXNativeTarget "ParstagramUITests" */;
			buildPhases = (
				8A6E9F6AD6F54B654FA7A03D /* [CP] Check Pods Manifest.lock */,
				FF9B933525FF9C4C00BF8B02 /* Sources */,
				FF9B933625FF9C4C00BF8B02 /* Frameworks */,
				FF9B933725FF9C4C00BF8B02 /* Resources */,
				E7E00476FC0D328EF0EEF5AB /* [CP] Embed Pods Frameworks */,
			);
			buildRules = (
			);
			dependencies = (
				FF9B933B25FF9C4C00BF8B02 /* PBXTargetDependency */,
			);
			name = ParstagramUITests;
			productName = ParstagramUITests;
			productReference = FF9B933925FF9C4C00BF8B02 /* ParstagramUITests.xctest */;
			productType = "com.apple.product-type.bundle.ui-testing";
		};
/* End PBXNativeTarget section */

/* Begin PBXProject section */
		FF9B931025FF9C4900BF8B02 /* Project object */ = {
			isa = PBXProject;
			attributes = {
				LastSwiftUpdateCheck = 1240;
				LastUpgradeCheck = 1240;
				TargetAttributes = {
					FF9B931725FF9C4900BF8B02 = {
						CreatedOnToolsVersion = 12.4;
					};
					FF9B932D25FF9C4C00BF8B02 = {
						CreatedOnToolsVersion = 12.4;
						TestTargetID = FF9B931725FF9C4900BF8B02;
					};
					FF9B933825FF9C4C00BF8B02 = {
						CreatedOnToolsVersion = 12.4;
						TestTargetID = FF9B931725FF9C4900BF8B02;
					};
				};
			};
			buildConfigurationList = FF9B931325FF9C4900BF8B02 /* Build configuration list for PBXProject "Parstagram" */;
			compatibilityVersion = "Xcode 9.3";
			developmentRegion = en;
			hasScannedForEncodings = 0;
			knownRegions = (
				en,
				Base,
			);
			mainGroup = FF9B930F25FF9C4900BF8B02;
			productRefGroup = FF9B931925FF9C4900BF8B02 /* Products */;
			projectDirPath = "";
			projectRoot = "";
			targets = (
				FF9B931725FF9C4900BF8B02 /* Parstagram */,
				FF9B932D25FF9C4C00BF8B02 /* ParstagramTests */,
				FF9B933825FF9C4C00BF8B02 /* ParstagramUITests */,
			);
		};
/* End PBXProject section */

/* Begin PBXResourcesBuildPhase section */
		FF9B931625FF9C4900BF8B02 /* Resources */ = {
			isa = PBXResourcesBuildPhase;
			buildActionMask = 2147483647;
			files = (
				FF9B932825FF9C4B00BF8B02 /* LaunchScreen.storyboard in Resources */,
				FF9B932525FF9C4B00BF8B02 /* Assets.xcassets in Resources */,
				FF9B932325FF9C4A00BF8B02 /* Main.storyboard in Resources */,
			);
			runOnlyForDeploymentPostprocessing = 0;
		};
		FF9B932C25FF9C4C00BF8B02 /* Resources */ = {
			isa = PBXResourcesBuildPhase;
			buildActionMask = 2147483647;
			files = (
			);
			runOnlyForDeploymentPostprocessing = 0;
		};
		FF9B933725FF9C4C00BF8B02 /* Resources */ = {
			isa = PBXResourcesBuildPhase;
			buildActionMask = 2147483647;
			files = (
			);
			runOnlyForDeploymentPostprocessing = 0;
		};
/* End PBXResourcesBuildPhase section */

/* Begin PBXShellScriptBuildPhase section */
		77E37149B5AE83ECBB54AED3 /* [CP] Check Pods Manifest.lock */ = {
			isa = PBXShellScriptBuildPhase;
			buildActionMask = 2147483647;
			files = (
			);
			inputFileListPaths = (
			);
			inputPaths = (
				"${PODS_PODFILE_DIR_PATH}/Podfile.lock",
				"${PODS_ROOT}/Manifest.lock",
			);
			name = "[CP] Check Pods Manifest.lock";
			outputFileListPaths = (
			);
			outputPaths = (
				"$(DERIVED_FILE_DIR)/Pods-Parstagram-checkManifestLockResult.txt",
			);
			runOnlyForDeploymentPostprocessing = 0;
			shellPath = /bin/sh;
			shellScript = "diff \"${PODS_PODFILE_DIR_PATH}/Podfile.lock\" \"${PODS_ROOT}/Manifest.lock\" > /dev/null\nif [ $? != 0 ] ; then\n    # print error to STDERR\n    echo \"error: The sandbox is not in sync with the Podfile.lock. Run 'pod install' or update your CocoaPods installation.\" >&2\n    exit 1\nfi\n# This output is used by Xcode 'outputs' to avoid re-running this script phase.\necho \"SUCCESS\" > \"${SCRIPT_OUTPUT_FILE_0}\"\n";
			showEnvVarsInLog = 0;
		};
		8A6E9F6AD6F54B654FA7A03D /* [CP] Check Pods Manifest.lock */ = {
			isa = PBXShellScriptBuildPhase;
			buildActionMask = 2147483647;
			files = (
			);
			inputFileListPaths = (
			);
			inputPaths = (
				"${PODS_PODFILE_DIR_PATH}/Podfile.lock",
				"${PODS_ROOT}/Manifest.lock",
			);
			name = "[CP] Check Pods Manifest.lock";
			outputFileListPaths = (
			);
			outputPaths = (
				"$(DERIVED_FILE_DIR)/Pods-Parstagram-ParstagramUITests-checkManifestLockResult.txt",
			);
			runOnlyForDeploymentPostprocessing = 0;
			shellPath = /bin/sh;
			shellScript = "diff \"${PODS_PODFILE_DIR_PATH}/Podfile.lock\" \"${PODS_ROOT}/Manifest.lock\" > /dev/null\nif [ $? != 0 ] ; then\n    # print error to STDERR\n    echo \"error: The sandbox is not in sync with the Podfile.lock. Run 'pod install' or update your CocoaPods installation.\" >&2\n    exit 1\nfi\n# This output is used by Xcode 'outputs' to avoid re-running this script phase.\necho \"SUCCESS\" > \"${SCRIPT_OUTPUT_FILE_0}\"\n";
			showEnvVarsInLog = 0;
		};
		991783F53C1630D924ED8654 /* [CP] Embed Pods Frameworks */ = {
			isa = PBXShellScriptBuildPhase;
			buildActionMask = 2147483647;
			files = (
			);
			inputFileListPaths = (
				"${PODS_ROOT}/Target Support Files/Pods-Parstagram/Pods-Parstagram-frameworks-${CONFIGURATION}-input-files.xcfilelist",
			);
			name = "[CP] Embed Pods Frameworks";
			outputFileListPaths = (
				"${PODS_ROOT}/Target Support Files/Pods-Parstagram/Pods-Parstagram-frameworks-${CONFIGURATION}-output-files.xcfilelist",
			);
			runOnlyForDeploymentPostprocessing = 0;
			shellPath = /bin/sh;
			shellScript = "\"${PODS_ROOT}/Target Support Files/Pods-Parstagram/Pods-Parstagram-frameworks.sh\"\n";
			showEnvVarsInLog = 0;
		};
		A710EC05FD38758641538D19 /* [CP] Check Pods Manifest.lock */ = {
			isa = PBXShellScriptBuildPhase;
			buildActionMask = 2147483647;
			files = (
			);
			inputFileListPaths = (
			);
			inputPaths = (
				"${PODS_PODFILE_DIR_PATH}/Podfile.lock",
				"${PODS_ROOT}/Manifest.lock",
			);
			name = "[CP] Check Pods Manifest.lock";
			outputFileListPaths = (
			);
			outputPaths = (
				"$(DERIVED_FILE_DIR)/Pods-ParstagramTests-checkManifestLockResult.txt",
			);
			runOnlyForDeploymentPostprocessing = 0;
			shellPath = /bin/sh;
			shellScript = "diff \"${PODS_PODFILE_DIR_PATH}/Podfile.lock\" \"${PODS_ROOT}/Manifest.lock\" > /dev/null\nif [ $? != 0 ] ; then\n    # print error to STDERR\n    echo \"error: The sandbox is not in sync with the Podfile.lock. Run 'pod install' or update your CocoaPods installation.\" >&2\n    exit 1\nfi\n# This output is used by Xcode 'outputs' to avoid re-running this script phase.\necho \"SUCCESS\" > \"${SCRIPT_OUTPUT_FILE_0}\"\n";
			showEnvVarsInLog = 0;
		};
		E7E00476FC0D328EF0EEF5AB /* [CP] Embed Pods Frameworks */ = {
			isa = PBXShellScriptBuildPhase;
			buildActionMask = 2147483647;
			files = (
			);
			inputFileListPaths = (
				"${PODS_ROOT}/Target Support Files/Pods-Parstagram-ParstagramUITests/Pods-Parstagram-ParstagramUITests-frameworks-${CONFIGURATION}-input-files.xcfilelist",
			);
			name = "[CP] Embed Pods Frameworks";
			outputFileListPaths = (
				"${PODS_ROOT}/Target Support Files/Pods-Parstagram-ParstagramUITests/Pods-Parstagram-ParstagramUITests-frameworks-${CONFIGURATION}-output-files.xcfilelist",
			);
			runOnlyForDeploymentPostprocessing = 0;
			shellPath = /bin/sh;
			shellScript = "\"${PODS_ROOT}/Target Support Files/Pods-Parstagram-ParstagramUITests/Pods-Parstagram-ParstagramUITests-frameworks.sh\"\n";
			showEnvVarsInLog = 0;
		};
/* End PBXShellScriptBuildPhase section */

/* Begin PBXSourcesBuildPhase section */
		FF9B931425FF9C4900BF8B02 /* Sources */ = {
			isa = PBXSourcesBuildPhase;
			buildActionMask = 2147483647;
			files = (
				FF9B935E25FFA04000BF8B02 /* LoginViewController.swift in Sources */,
				FF9B936825FFB10500BF8B02 /* CameraViewController.swift in Sources */,
				FF9B931C25FF9C4900BF8B02 /* AppDelegate.swift in Sources */,
				FF9B936325FFA05000BF8B02 /* FeedViewController.swift in Sources */,
				FF9B931E25FF9C4900BF8B02 /* SceneDelegate.swift in Sources */,
				FFA2B6652601776900CB6F2E /* PostCell.swift in Sources */,
			);
			runOnlyForDeploymentPostprocessing = 0;
		};
		FF9B932A25FF9C4C00BF8B02 /* Sources */ = {
			isa = PBXSourcesBuildPhase;
			buildActionMask = 2147483647;
			files = (
				FF9B933325FF9C4C00BF8B02 /* ParstagramTests.swift in Sources */,
			);
			runOnlyForDeploymentPostprocessing = 0;
		};
		FF9B933525FF9C4C00BF8B02 /* Sources */ = {
			isa = PBXSourcesBuildPhase;
			buildActionMask = 2147483647;
			files = (
				FF9B933E25FF9C4C00BF8B02 /* ParstagramUITests.swift in Sources */,
			);
			runOnlyForDeploymentPostprocessing = 0;
		};
/* End PBXSourcesBuildPhase section */

/* Begin PBXTargetDependency section */
		FF9B933025FF9C4C00BF8B02 /* PBXTargetDependency */ = {
			isa = PBXTargetDependency;
			target = FF9B931725FF9C4900BF8B02 /* Parstagram */;
			targetProxy = FF9B932F25FF9C4C00BF8B02 /* PBXContainerItemProxy */;
		};
		FF9B933B25FF9C4C00BF8B02 /* PBXTargetDependency */ = {
			isa = PBXTargetDependency;
			target = FF9B931725FF9C4900BF8B02 /* Parstagram */;
			targetProxy = FF9B933A25FF9C4C00BF8B02 /* PBXContainerItemProxy */;
		};
/* End PBXTargetDependency section */

/* Begin PBXVariantGroup section */
		FF9B932125FF9C4A00BF8B02 /* Main.storyboard */ = {
			isa = PBXVariantGroup;
			children = (
				FF9B932225FF9C4A00BF8B02 /* Base */,
			);
			name = Main.storyboard;
			sourceTree = "<group>";
		};
		FF9B932625FF9C4B00BF8B02 /* LaunchScreen.storyboard */ = {
			isa = PBXVariantGroup;
			children = (
				FF9B932725FF9C4B00BF8B02 /* Base */,
			);
			name = LaunchScreen.storyboard;
			sourceTree = "<group>";
		};
/* End PBXVariantGroup section */

/* Begin XCBuildConfiguration section */
		FF9B934025FF9C4C00BF8B02 /* Debug */ = {
			isa = XCBuildConfiguration;
			buildSettings = {
				ALWAYS_SEARCH_USER_PATHS = NO;
				CLANG_ANALYZER_NONNULL = YES;
				CLANG_ANALYZER_NUMBER_OBJECT_CONVERSION = YES_AGGRESSIVE;
				CLANG_CXX_LANGUAGE_STANDARD = "gnu++14";
				CLANG_CXX_LIBRARY = "libc++";
				CLANG_ENABLE_MODULES = YES;
				CLANG_ENABLE_OBJC_ARC = YES;
				CLANG_ENABLE_OBJC_WEAK = YES;
				CLANG_WARN_BLOCK_CAPTURE_AUTORELEASING = YES;
				CLANG_WARN_BOOL_CONVERSION = YES;
				CLANG_WARN_COMMA = YES;
				CLANG_WARN_CONSTANT_CONVERSION = YES;
				CLANG_WARN_DEPRECATED_OBJC_IMPLEMENTATIONS = YES;
				CLANG_WARN_DIRECT_OBJC_ISA_USAGE = YES_ERROR;
				CLANG_WARN_DOCUMENTATION_COMMENTS = YES;
				CLANG_WARN_EMPTY_BODY = YES;
				CLANG_WARN_ENUM_CONVERSION = YES;
				CLANG_WARN_INFINITE_RECURSION = YES;
				CLANG_WARN_INT_CONVERSION = YES;
				CLANG_WARN_NON_LITERAL_NULL_CONVERSION = YES;
				CLANG_WARN_OBJC_IMPLICIT_RETAIN_SELF = YES;
				CLANG_WARN_OBJC_LITERAL_CONVERSION = YES;
				CLANG_WARN_OBJC_ROOT_CLASS = YES_ERROR;
				CLANG_WARN_QUOTED_INCLUDE_IN_FRAMEWORK_HEADER = YES;
				CLANG_WARN_RANGE_LOOP_ANALYSIS = YES;
				CLANG_WARN_STRICT_PROTOTYPES = YES;
				CLANG_WARN_SUSPICIOUS_MOVE = YES;
				CLANG_WARN_UNGUARDED_AVAILABILITY = YES_AGGRESSIVE;
				CLANG_WARN_UNREACHABLE_CODE = YES;
				CLANG_WARN__DUPLICATE_METHOD_MATCH = YES;
				COPY_PHASE_STRIP = NO;
				DEBUG_INFORMATION_FORMAT = dwarf;
				ENABLE_STRICT_OBJC_MSGSEND = YES;
				ENABLE_TESTABILITY = YES;
				GCC_C_LANGUAGE_STANDARD = gnu11;
				GCC_DYNAMIC_NO_PIC = NO;
				GCC_NO_COMMON_BLOCKS = YES;
				GCC_OPTIMIZATION_LEVEL = 0;
				GCC_PREPROCESSOR_DEFINITIONS = (
					"DEBUG=1",
					"$(inherited)",
				);
				GCC_WARN_64_TO_32_BIT_CONVERSION = YES;
				GCC_WARN_ABOUT_RETURN_TYPE = YES_ERROR;
				GCC_WARN_UNDECLARED_SELECTOR = YES;
				GCC_WARN_UNINITIALIZED_AUTOS = YES_AGGRESSIVE;
				GCC_WARN_UNUSED_FUNCTION = YES;
				GCC_WARN_UNUSED_VARIABLE = YES;
				IPHONEOS_DEPLOYMENT_TARGET = 14.4;
				MTL_ENABLE_DEBUG_INFO = INCLUDE_SOURCE;
				MTL_FAST_MATH = YES;
				ONLY_ACTIVE_ARCH = YES;
				SDKROOT = iphoneos;
				SWIFT_ACTIVE_COMPILATION_CONDITIONS = DEBUG;
				SWIFT_OPTIMIZATION_LEVEL = "-Onone";
			};
			name = Debug;
		};
		FF9B934125FF9C4C00BF8B02 /* Release */ = {
			isa = XCBuildConfiguration;
			buildSettings = {
				ALWAYS_SEARCH_USER_PATHS = NO;
				CLANG_ANALYZER_NONNULL = YES;
				CLANG_ANALYZER_NUMBER_OBJECT_CONVERSION = YES_AGGRESSIVE;
				CLANG_CXX_LANGUAGE_STANDARD = "gnu++14";
				CLANG_CXX_LIBRARY = "libc++";
				CLANG_ENABLE_MODULES = YES;
				CLANG_ENABLE_OBJC_ARC = YES;
				CLANG_ENABLE_OBJC_WEAK = YES;
				CLANG_WARN_BLOCK_CAPTURE_AUTORELEASING = YES;
				CLANG_WARN_BOOL_CONVERSION = YES;
				CLANG_WARN_COMMA = YES;
				CLANG_WARN_CONSTANT_CONVERSION = YES;
				CLANG_WARN_DEPRECATED_OBJC_IMPLEMENTATIONS = YES;
				CLANG_WARN_DIRECT_OBJC_ISA_USAGE = YES_ERROR;
				CLANG_WARN_DOCUMENTATION_COMMENTS = YES;
				CLANG_WARN_EMPTY_BODY = YES;
				CLANG_WARN_ENUM_CONVERSION = YES;
				CLANG_WARN_INFINITE_RECURSION = YES;
				CLANG_WARN_INT_CONVERSION = YES;
				CLANG_WARN_NON_LITERAL_NULL_CONVERSION = YES;
				CLANG_WARN_OBJC_IMPLICIT_RETAIN_SELF = YES;
				CLANG_WARN_OBJC_LITERAL_CONVERSION = YES;
				CLANG_WARN_OBJC_ROOT_CLASS = YES_ERROR;
				CLANG_WARN_QUOTED_INCLUDE_IN_FRAMEWORK_HEADER = YES;
				CLANG_WARN_RANGE_LOOP_ANALYSIS = YES;
				CLANG_WARN_STRICT_PROTOTYPES = YES;
				CLANG_WARN_SUSPICIOUS_MOVE = YES;
				CLANG_WARN_UNGUARDED_AVAILABILITY = YES_AGGRESSIVE;
				CLANG_WARN_UNREACHABLE_CODE = YES;
				CLANG_WARN__DUPLICATE_METHOD_MATCH = YES;
				COPY_PHASE_STRIP = NO;
				DEBUG_INFORMATION_FORMAT = "dwarf-with-dsym";
				ENABLE_NS_ASSERTIONS = NO;
				ENABLE_STRICT_OBJC_MSGSEND = YES;
				GCC_C_LANGUAGE_STANDARD = gnu11;
				GCC_NO_COMMON_BLOCKS = YES;
				GCC_WARN_64_TO_32_BIT_CONVERSION = YES;
				GCC_WARN_ABOUT_RETURN_TYPE = YES_ERROR;
				GCC_WARN_UNDECLARED_SELECTOR = YES;
				GCC_WARN_UNINITIALIZED_AUTOS = YES_AGGRESSIVE;
				GCC_WARN_UNUSED_FUNCTION = YES;
				GCC_WARN_UNUSED_VARIABLE = YES;
				IPHONEOS_DEPLOYMENT_TARGET = 14.4;
				MTL_ENABLE_DEBUG_INFO = NO;
				MTL_FAST_MATH = YES;
				SDKROOT = iphoneos;
				SWIFT_COMPILATION_MODE = wholemodule;
				SWIFT_OPTIMIZATION_LEVEL = "-O";
				VALIDATE_PRODUCT = YES;
			};
			name = Release;
		};
		FF9B934325FF9C4C00BF8B02 /* Debug */ = {
			isa = XCBuildConfiguration;
			baseConfigurationReference = 64353C25DF6653D9B02101C4 /* Pods-Parstagram.debug.xcconfig */;
			buildSettings = {
				ASSETCATALOG_COMPILER_APPICON_NAME = AppIcon;
				ASSETCATALOG_COMPILER_GLOBAL_ACCENT_COLOR_NAME = AccentColor;
				CODE_SIGN_STYLE = Automatic;
				INFOPLIST_FILE = Parstagram/Info.plist;
				LD_RUNPATH_SEARCH_PATHS = (
					"$(inherited)",
					"@executable_path/Frameworks",
				);
				PRODUCT_BUNDLE_IDENTIFIER = memo.com.Parstagram;
				PRODUCT_NAME = "$(TARGET_NAME)";
				SWIFT_VERSION = 5.0;
				TARGETED_DEVICE_FAMILY = "1,2";
			};
			name = Debug;
		};
		FF9B934425FF9C4C00BF8B02 /* Release */ = {
			isa = XCBuildConfiguration;
			baseConfigurationReference = 408BD5654587D5FF799E3B03 /* Pods-Parstagram.release.xcconfig */;
			buildSettings = {
				ASSETCATALOG_COMPILER_APPICON_NAME = AppIcon;
				ASSETCATALOG_COMPILER_GLOBAL_ACCENT_COLOR_NAME = AccentColor;
				CODE_SIGN_STYLE = Automatic;
				INFOPLIST_FILE = Parstagram/Info.plist;
				LD_RUNPATH_SEARCH_PATHS = (
					"$(inherited)",
					"@executable_path/Frameworks",
				);
				PRODUCT_BUNDLE_IDENTIFIER = memo.com.Parstagram;
				PRODUCT_NAME = "$(TARGET_NAME)";
				SWIFT_VERSION = 5.0;
				TARGETED_DEVICE_FAMILY = "1,2";
			};
			name = Release;
		};
		FF9B934625FF9C4C00BF8B02 /* Debug */ = {
			isa = XCBuildConfiguration;
			baseConfigurationReference = 0B168C79FDAB623D32867216 /* Pods-ParstagramTests.debug.xcconfig */;
			buildSettings = {
				ALWAYS_EMBED_SWIFT_STANDARD_LIBRARIES = YES;
				BUNDLE_LOADER = "$(TEST_HOST)";
				CODE_SIGN_STYLE = Automatic;
				INFOPLIST_FILE = ParstagramTests/Info.plist;
				IPHONEOS_DEPLOYMENT_TARGET = 14.4;
				LD_RUNPATH_SEARCH_PATHS = (
					"$(inherited)",
					"@executable_path/Frameworks",
					"@loader_path/Frameworks",
				);
				PRODUCT_BUNDLE_IDENTIFIER = memo.com.ParstagramTests;
				PRODUCT_NAME = "$(TARGET_NAME)";
				SWIFT_VERSION = 5.0;
				TARGETED_DEVICE_FAMILY = "1,2";
				TEST_HOST = "$(BUILT_PRODUCTS_DIR)/Parstagram.app/Parstagram";
			};
			name = Debug;
		};
		FF9B934725FF9C4C00BF8B02 /* Release */ = {
			isa = XCBuildConfiguration;
			baseConfigurationReference = 3930022094431E09CC197332 /* Pods-ParstagramTests.release.xcconfig */;
			buildSettings = {
				ALWAYS_EMBED_SWIFT_STANDARD_LIBRARIES = YES;
				BUNDLE_LOADER = "$(TEST_HOST)";
				CODE_SIGN_STYLE = Automatic;
				INFOPLIST_FILE = ParstagramTests/Info.plist;
				IPHONEOS_DEPLOYMENT_TARGET = 14.4;
				LD_RUNPATH_SEARCH_PATHS = (
					"$(inherited)",
					"@executable_path/Frameworks",
					"@loader_path/Frameworks",
				);
				PRODUCT_BUNDLE_IDENTIFIER = memo.com.ParstagramTests;
				PRODUCT_NAME = "$(TARGET_NAME)";
				SWIFT_VERSION = 5.0;
				TARGETED_DEVICE_FAMILY = "1,2";
				TEST_HOST = "$(BUILT_PRODUCTS_DIR)/Parstagram.app/Parstagram";
			};
			name = Release;
		};
		FF9B934925FF9C4C00BF8B02 /* Debug */ = {
			isa = XCBuildConfiguration;
			baseConfigurationReference = CC5860364EC677E0260909A7 /* Pods-Parstagram-ParstagramUITests.debug.xcconfig */;
			buildSettings = {
				ALWAYS_EMBED_SWIFT_STANDARD_LIBRARIES = YES;
				CODE_SIGN_STYLE = Automatic;
				INFOPLIST_FILE = ParstagramUITests/Info.plist;
				LD_RUNPATH_SEARCH_PATHS = (
					"$(inherited)",
					"@executable_path/Frameworks",
					"@loader_path/Frameworks",
				);
				PRODUCT_BUNDLE_IDENTIFIER = memo.com.ParstagramUITests;
				PRODUCT_NAME = "$(TARGET_NAME)";
				SWIFT_VERSION = 5.0;
				TARGETED_DEVICE_FAMILY = "1,2";
				TEST_TARGET_NAME = Parstagram;
			};
			name = Debug;
		};
		FF9B934A25FF9C4C00BF8B02 /* Release */ = {
			isa = XCBuildConfiguration;
			baseConfigurationReference = DD08552331735DB494166DD5 /* Pods-Parstagram-ParstagramUITests.release.xcconfig */;
			buildSettings = {
				ALWAYS_EMBED_SWIFT_STANDARD_LIBRARIES = YES;
				CODE_SIGN_STYLE = Automatic;
				INFOPLIST_FILE = ParstagramUITests/Info.plist;
				LD_RUNPATH_SEARCH_PATHS = (
					"$(inherited)",
					"@executable_path/Frameworks",
					"@loader_path/Frameworks",
				);
				PRODUCT_BUNDLE_IDENTIFIER = memo.com.ParstagramUITests;
				PRODUCT_NAME = "$(TARGET_NAME)";
				SWIFT_VERSION = 5.0;
				TARGETED_DEVICE_FAMILY = "1,2";
				TEST_TARGET_NAME = Parstagram;
			};
			name = Release;
		};
/* End XCBuildConfiguration section */

/* Begin XCConfigurationList section */
		FF9B931325FF9C4900BF8B02 /* Build configuration list for PBXProject "Parstagram" */ = {
			isa = XCConfigurationList;
			buildConfigurations = (
				FF9B934025FF9C4C00BF8B02 /* Debug */,
				FF9B934125FF9C4C00BF8B02 /* Release */,
			);
			defaultConfigurationIsVisible = 0;
			defaultConfigurationName = Release;
		};
		FF9B934225FF9C4C00BF8B02 /* Build configuration list for PBXNativeTarget "Parstagram" */ = {
			isa = XCConfigurationList;
			buildConfigurations = (
				FF9B934325FF9C4C00BF8B02 /* Debug */,
				FF9B934425FF9C4C00BF8B02 /* Release */,
			);
			defaultConfigurationIsVisible = 0;
			defaultConfigurationName = Release;
		};
		FF9B934525FF9C4C00BF8B02 /* Build configuration list for PBXNativeTarget "ParstagramTests" */ = {
			isa = XCConfigurationList;
			buildConfigurations = (
				FF9B934625FF9C4C00BF8B02 /* Debug */,
				FF9B934725FF9C4C00BF8B02 /* Release */,
			);
			defaultConfigurationIsVisible = 0;
			defaultConfigurationName = Release;
		};
		FF9B934825FF9C4C00BF8B02 /* Build configuration list for PBXNativeTarget "ParstagramUITests" */ = {
			isa = XCConfigurationList;
			buildConfigurations = (
				FF9B934925FF9C4C00BF8B02 /* Debug */,
				FF9B934A25FF9C4C00BF8B02 /* Release */,
			);
			defaultConfigurationIsVisible = 0;
			defaultConfigurationName = Release;
		};
/* End XCConfigurationList section */
	};
	rootObject = FF9B931025FF9C4900BF8B02 /* Project object */;
}
